# This file is automatically @generated by Cargo.
# It is not intended for manual editing.
version = 4

[[package]]
name = "autocfg"
version = "1.4.0"
source = "registry+https://github.com/rust-lang/crates.io-index"
checksum = "ace50bade8e6234aa140d9a2f552bbee1db4d353f69b8217bc503490fc1a9f26"

[[package]]
name = "bitos"
version = "0.1.0"
dependencies = [
 "bitos_core",
 "bitos_macro",
 "bitut",
]

[[package]]
name = "bitos_core"
version = "0.1.0"
dependencies = [
 "bitut",
 "num-traits",
 "seq-macro",
 "zerocopy",
]

[[package]]
name = "bitos_macro"
version = "0.1.0"
dependencies = [
 "bitos",
 "bitos_macro_core",
 "proc-macro2",
 "zerocopy",
]

[[package]]
name = "bitos_macro_core"
version = "0.1.0"
dependencies = [
 "heck",
 "proc-macro2",
 "quote",
 "syn",
]

[[package]]
name = "bitut"
version = "0.2.0"
source = "git+https://github.com/vxpm/bitut#83d83b89fd506fb17f63e1019880c376a0ae6120"

[[package]]
name = "heck"
version = "0.5.0"
source = "registry+https://github.com/rust-lang/crates.io-index"
checksum = "2304e00983f87ffb38b55b444b5e3b60a884b5d30c0fca7d82fe33449bbe55ea"

[[package]]
name = "num-traits"
version = "0.2.19"
source = "registry+https://github.com/rust-lang/crates.io-index"
checksum = "071dfc062690e90b734c0b2273ce72ad0ffa95f0c74596bc250dcfd960262841"
dependencies = [
 "autocfg",
]

[[package]]
name = "proc-macro2"
version = "1.0.92"
source = "registry+https://github.com/rust-lang/crates.io-index"
checksum = "37d3544b3f2748c54e147655edb5025752e2303145b5aefb3c3ea2c78b973bb0"
dependencies = [
 "unicode-ident",
]

[[package]]
name = "quote"
version = "1.0.37"
source = "registry+https://github.com/rust-lang/crates.io-index"
checksum = "b5b9d34b8991d19d98081b46eacdd8eb58c6f2b201139f7c5f643cc155a633af"
dependencies = [
 "proc-macro2",
]

[[package]]
name = "seq-macro"
version = "0.3.5"
source = "registry+https://github.com/rust-lang/crates.io-index"
checksum = "a3f0bf26fd526d2a95683cd0f87bf103b8539e2ca1ef48ce002d67aad59aa0b4"

[[package]]
name = "syn"
version = "2.0.90"
source = "registry+https://github.com/rust-lang/crates.io-index"
checksum = "919d3b74a5dd0ccd15aeb8f93e7006bd9e14c295087c9896a110f490752bcf31"
dependencies = [
 "proc-macro2",
 "quote",
 "unicode-ident",
]

[[package]]
name = "unicode-ident"
version = "1.0.14"
source = "registry+https://github.com/rust-lang/crates.io-index"
checksum = "adb9e6ca4f869e1180728b7950e35922a7fc6397f7b641499e8f3ef06e50dc83"

[[package]]
name = "zerocopy"
version = "0.8.14"
source = "registry+https://github.com/rust-lang/crates.io-index"
checksum = "a367f292d93d4eab890745e75a778da40909cab4d6ff8173693812f79c4a2468"
dependencies = [
 "zerocopy-derive",
]

[[package]]
name = "zerocopy-derive"
version = "0.8.14"
source = "registry+https://github.com/rust-lang/crates.io-index"
checksum = "d3931cb58c62c13adec22e38686b559c86a30565e16ad6e8510a337cedc611e1"
dependencies = [
 "proc-macro2",
 "quote",
 "syn",
]
